
Microsoft Visual Studio Solution File, Format Version 12.00
# Visual Studio 15
VisualStudioVersion = 15.0.26730.15
MinimumVisualStudioVersion = 10.0.40219.1
Project("{FAE04EC0-301F-11D3-BF4B-00C04F79EFBC}") = "DBFilmy", "DBFilmy\DBFilmy.csproj", "{54B8F73E-ED7B-4C5C-BC1C-542EC0EF7BD3}"
EndProject
Global
	GlobalSection(SolutionConfigurationPlatforms) = preSolution
		Debug|Any CPU = Debug|Any CPU
		Release|Any CPU = Release|Any CPU
	EndGlobalSection
	GlobalSection(ProjectConfigurationPlatforms) = postSolution
		{54B8F73E-ED7B-4C5C-BC1C-542EC0EF7BD3}.Debug|Any CPU.ActiveCfg = Debug|Any CPU
		{54B8F73E-ED7B-4C5C-BC1C-542EC0EF7BD3}.Debug|Any CPU.Build.0 = Debug|Any CPU
		{54B8F73E-ED7B-4C5C-BC1C-542EC0EF7BD3}.Release|Any CPU.ActiveCfg = Release|Any CPU
		{54B8F73E-ED7B-4C5C-BC1C-542EC0EF7BD3}.Release|Any CPU.Build.0 = Release|Any CPU
	EndGlobalSection
	GlobalSection(SolutionProperties) = preSolution
		HideSolutionNode = FALSE
	EndGlobalSection
	GlobalSection(ExtensibilityGlobals) = postSolution
		SolutionGuid = {4DC1BE06-04F0-45B4-B9A7-A8831D34FFD6}
	EndGlobalSection
EndGlobal
